
Microsoft Visual Studio Solution File, Format Version 12.00
# Visual Studio Version 17
VisualStudioVersion = 17.0.32014.148
MinimumVisualStudioVersion = 10.0.40219.1
Project("{FAE04EC0-301F-11D3-BF4B-00C04F79EFBC}") = "HQTCSDL.Demo", "HQTCSDL.Demo\HQTCSDL.Demo.csproj", "{AE30CC91-79D9-4593-A9D1-62A388354048}"
EndProject
Global
	GlobalSection(SolutionConfigurationPlatforms) = preSolution
		Debug|Any CPU = Debug|Any CPU
		Release|Any CPU = Release|Any CPU
	EndGlobalSection
	GlobalSection(ProjectConfigurationPlatforms) = postSolution
		{AE30CC91-79D9-4593-A9D1-62A388354048}.Debug|Any CPU.ActiveCfg = Debug|Any CPU
		{AE30CC91-79D9-4593-A9D1-62A388354048}.Debug|Any CPU.Build.0 = Debug|Any CPU
		{AE30CC91-79D9-4593-A9D1-62A388354048}.Release|Any CPU.ActiveCfg = Release|Any CPU
		{AE30CC91-79D9-4593-A9D1-62A388354048}.Release|Any CPU.Build.0 = Release|Any CPU
	EndGlobalSection
	GlobalSection(SolutionProperties) = preSolution
		HideSolutionNode = FALSE
	EndGlobalSection
	GlobalSection(ExtensibilityGlobals) = postSolution
		SolutionGuid = {5A535174-51FB-4237-9B36-FD6CF2E9DDCC}
	EndGlobalSection
EndGlobal
